
Microsoft Visual Studio Solution File, Format Version 12.00
# Visual Studio Version 16
VisualStudioVersion = 16.0.29806.167
MinimumVisualStudioVersion = 10.0.40219.1
Project("{FAE04EC0-301F-11D3-BF4B-00C04F79EFBC}") = "Pokemon", "Pokemon\Pokemon.csproj", "{B2089A1E-2105-49AA-8F40-7E043CFCD9DF}"
EndProject
Global
	GlobalSection(SolutionConfigurationPlatforms) = preSolution
		Debug|Any CPU = Debug|Any CPU
		Release|Any CPU = Release|Any CPU
	EndGlobalSection
	GlobalSection(ProjectConfigurationPlatforms) = postSolution
		{B2089A1E-2105-49AA-8F40-7E043CFCD9DF}.Debug|Any CPU.ActiveCfg = Debug|Any CPU
		{B2089A1E-2105-49AA-8F40-7E043CFCD9DF}.Debug|Any CPU.Build.0 = Debug|Any CPU
		{B2089A1E-2105-49AA-8F40-7E043CFCD9DF}.Release|Any CPU.ActiveCfg = Release|Any CPU
		{B2089A1E-2105-49AA-8F40-7E043CFCD9DF}.Release|Any CPU.Build.0 = Release|Any CPU
	EndGlobalSection
	GlobalSection(SolutionProperties) = preSolution
		HideSolutionNode = FALSE
	EndGlobalSection
	GlobalSection(ExtensibilityGlobals) = postSolution
		SolutionGuid = {B795C785-7164-4733-8814-D790D02DFDCF}
	EndGlobalSection
EndGlobal
